
Microsoft Visual Studio Solution File, Format Version 10.00
# Visual Studio 2008
Project("{8BC9CEB8-8B4A-11D0-8D11-00A0C91BC942}") = "Darw", "Darw\Darw.vcproj", "{2DAB5802-B4C3-443A-9431-3E1621A95C12}"
EndProject
Project("{8BC9CEB8-8B4A-11D0-8D11-00A0C91BC942}") = "Test", "Test\Test.vcproj", "{DCAB3202-3067-4D28-B4BA-554D94EA7E7E}"
EndProject
Global
	GlobalSection(PowerDesigner) = preSolution
		HasSWS = 1
	EndGlobalSection
	GlobalSection(SolutionConfigurationPlatforms) = preSolution
		Debug|Win32 = Debug|Win32
		Release|Win32 = Release|Win32
	EndGlobalSection
	GlobalSection(ProjectConfigurationPlatforms) = postSolution
		{2DAB5802-B4C3-443A-9431-3E1621A95C12}.Debug|Win32.ActiveCfg = Debug|Win32
		{2DAB5802-B4C3-443A-9431-3E1621A95C12}.Debug|Win32.Build.0 = Debug|Win32
		{2DAB5802-B4C3-443A-9431-3E1621A95C12}.Release|Win32.ActiveCfg = Release|Win32
		{2DAB5802-B4C3-443A-9431-3E1621A95C12}.Release|Win32.Build.0 = Release|Win32
		{DCAB3202-3067-4D28-B4BA-554D94EA7E7E}.Debug|Win32.ActiveCfg = Debug|Win32
		{DCAB3202-3067-4D28-B4BA-554D94EA7E7E}.Debug|Win32.Build.0 = Debug|Win32
		{DCAB3202-3067-4D28-B4BA-554D94EA7E7E}.Release|Win32.ActiveCfg = Release|Win32
		{DCAB3202-3067-4D28-B4BA-554D94EA7E7E}.Release|Win32.Build.0 = Release|Win32
	EndGlobalSection
	GlobalSection(SolutionProperties) = preSolution
		HideSolutionNode = FALSE
	EndGlobalSection
EndGlobal
