
Microsoft Visual Studio Solution File, Format Version 9.00
# Visual Studio 2005
Project("{8BC9CEB8-8B4A-11D0-8D11-00A0C91BC942}") = "Base", "Base\Base.vcproj", "{F190A9B9-2BDD-4229-ADC9-9A7AE2FC99DB}"
EndProject
Project("{8BC9CEB8-8B4A-11D0-8D11-00A0C91BC942}") = "System", "System\System.vcproj", "{E0F8AD80-7C81-498E-9E20-C29B64D9DE63}"
EndProject
Project("{8BC9CEB8-8B4A-11D0-8D11-00A0C91BC942}") = "tinyxml", "tinyxml\tinyxml.vcproj", "{ECA5CCDA-A48C-4079-B34C-0CCEA442D2D4}"
EndProject
Project("{8BC9CEB8-8B4A-11D0-8D11-00A0C91BC942}") = "BaseTest", "BaseTest\BaseTest.vcproj", "{34321ADF-EF09-4C70-9ECE-9E47651A82F3}"
EndProject
Project("{8BC9CEB8-8B4A-11D0-8D11-00A0C91BC942}") = "tinyxml_dynamic", "tinyxml\tinyxml_dynamic.vcproj", "{F6F48206-B09B-403A-A0CD-8CCF18E5749B}"
EndProject
Project("{8BC9CEB8-8B4A-11D0-8D11-00A0C91BC942}") = "Windows", "Windows\Windows.vcproj", "{B10AE6F7-26E1-4C24-A89C-F6761F728F99}"
EndProject
Project("{8BC9CEB8-8B4A-11D0-8D11-00A0C91BC942}") = "WindowsTest", "WindowsTest\WindowsTest.vcproj", "{87156CEF-D2C2-4A07-B8C0-C95A1242E075}"
EndProject
Global
	GlobalSection(SolutionConfigurationPlatforms) = preSolution
		Debug|Win32 = Debug|Win32
		Release|Win32 = Release|Win32
	EndGlobalSection
	GlobalSection(ProjectConfigurationPlatforms) = postSolution
		{F190A9B9-2BDD-4229-ADC9-9A7AE2FC99DB}.Debug|Win32.ActiveCfg = Debug|Win32
		{F190A9B9-2BDD-4229-ADC9-9A7AE2FC99DB}.Debug|Win32.Build.0 = Debug|Win32
		{F190A9B9-2BDD-4229-ADC9-9A7AE2FC99DB}.Release|Win32.ActiveCfg = Release|Win32
		{F190A9B9-2BDD-4229-ADC9-9A7AE2FC99DB}.Release|Win32.Build.0 = Release|Win32
		{E0F8AD80-7C81-498E-9E20-C29B64D9DE63}.Debug|Win32.ActiveCfg = Debug|Win32
		{E0F8AD80-7C81-498E-9E20-C29B64D9DE63}.Debug|Win32.Build.0 = Debug|Win32
		{E0F8AD80-7C81-498E-9E20-C29B64D9DE63}.Release|Win32.ActiveCfg = Release|Win32
		{E0F8AD80-7C81-498E-9E20-C29B64D9DE63}.Release|Win32.Build.0 = Release|Win32
		{ECA5CCDA-A48C-4079-B34C-0CCEA442D2D4}.Debug|Win32.ActiveCfg = Debug|Win32
		{ECA5CCDA-A48C-4079-B34C-0CCEA442D2D4}.Debug|Win32.Build.0 = Debug|Win32
		{ECA5CCDA-A48C-4079-B34C-0CCEA442D2D4}.Release|Win32.ActiveCfg = Release|Win32
		{ECA5CCDA-A48C-4079-B34C-0CCEA442D2D4}.Release|Win32.Build.0 = Release|Win32
		{34321ADF-EF09-4C70-9ECE-9E47651A82F3}.Debug|Win32.ActiveCfg = Debug|Win32
		{34321ADF-EF09-4C70-9ECE-9E47651A82F3}.Debug|Win32.Build.0 = Debug|Win32
		{34321ADF-EF09-4C70-9ECE-9E47651A82F3}.Release|Win32.ActiveCfg = Release|Win32
		{34321ADF-EF09-4C70-9ECE-9E47651A82F3}.Release|Win32.Build.0 = Release|Win32
		{F6F48206-B09B-403A-A0CD-8CCF18E5749B}.Debug|Win32.ActiveCfg = Debug|Win32
		{F6F48206-B09B-403A-A0CD-8CCF18E5749B}.Debug|Win32.Build.0 = Debug|Win32
		{F6F48206-B09B-403A-A0CD-8CCF18E5749B}.Release|Win32.ActiveCfg = Release|Win32
		{F6F48206-B09B-403A-A0CD-8CCF18E5749B}.Release|Win32.Build.0 = Release|Win32
		{B10AE6F7-26E1-4C24-A89C-F6761F728F99}.Debug|Win32.ActiveCfg = Debug|Win32
		{B10AE6F7-26E1-4C24-A89C-F6761F728F99}.Debug|Win32.Build.0 = Debug|Win32
		{B10AE6F7-26E1-4C24-A89C-F6761F728F99}.Release|Win32.ActiveCfg = Release|Win32
		{B10AE6F7-26E1-4C24-A89C-F6761F728F99}.Release|Win32.Build.0 = Release|Win32
		{87156CEF-D2C2-4A07-B8C0-C95A1242E075}.Debug|Win32.ActiveCfg = Debug|Win32
		{87156CEF-D2C2-4A07-B8C0-C95A1242E075}.Debug|Win32.Build.0 = Debug|Win32
		{87156CEF-D2C2-4A07-B8C0-C95A1242E075}.Release|Win32.ActiveCfg = Release|Win32
		{87156CEF-D2C2-4A07-B8C0-C95A1242E075}.Release|Win32.Build.0 = Release|Win32
	EndGlobalSection
	GlobalSection(SolutionProperties) = preSolution
		HideSolutionNode = FALSE
	EndGlobalSection
EndGlobal
